
Microsoft Visual Studio Solution File, Format Version 12.00
# Visual Studio 15
VisualStudioVersion = 15.0.27428.2037
MinimumVisualStudioVersion = 10.0.40219.1
Project("{888888A0-9F3D-457C-B088-3A5042F75D52}") = "AutaTwitta", "AutaTwitta\AutaTwitta.pyproj", "{595CF686-86DF-42D7-961C-3FB8E0E944EB}"
EndProject
Global
	GlobalSection(SolutionConfigurationPlatforms) = preSolution
		Debug|Any CPU = Debug|Any CPU
		Release|Any CPU = Release|Any CPU
	EndGlobalSection
	GlobalSection(ProjectConfigurationPlatforms) = postSolution
		{595CF686-86DF-42D7-961C-3FB8E0E944EB}.Debug|Any CPU.ActiveCfg = Debug|Any CPU
		{595CF686-86DF-42D7-961C-3FB8E0E944EB}.Release|Any CPU.ActiveCfg = Release|Any CPU
	EndGlobalSection
	GlobalSection(SolutionProperties) = preSolution
		HideSolutionNode = FALSE
	EndGlobalSection
	GlobalSection(ExtensibilityGlobals) = postSolution
		SolutionGuid = {513F2343-F9A1-4346-9D84-E46E025A5306}
	EndGlobalSection
EndGlobal
